// !$*UTF8*$!
{
	archiveVersion = 1;
	classes = {
	};
	objectVersion = 56;
	objects = {

/* Begin PBXBuildFile section */
		E2223EB228CCEDF0006275C6 /* MainPage.swift in Sources */ = {isa = PBXBuildFile; fileRef = E2223EB128CCEDF0006275C6 /* MainPage.swift */; };
		E2223EB528CCF5F6006275C6 /* Color+WDIRN.swift in Sources */ = {isa = PBXBuildFile; fileRef = E2223EB428CCF5F6006275C6 /* Color+WDIRN.swift */; };
		E2223EC028CCFF82006275C6 /* Home+CoreDataClass.swift in Sources */ = {isa = PBXBuildFile; fileRef = E2223EBE28CCFF82006275C6 /* Home+CoreDataClass.swift */; };
		E2223EC128CCFF82006275C6 /* Home+CoreDataProperties.swift in Sources */ = {isa = PBXBuildFile; fileRef = E2223EBF28CCFF82006275C6 /* Home+CoreDataProperties.swift */; };
		E2223EC528CD00E5006275C6 /* CreateHomeView.swift in Sources */ = {isa = PBXBuildFile; fileRef = E2223EC428CD00E5006275C6 /* CreateHomeView.swift */; };
		E2223EC828CD1EFE006275C6 /* BigTextField.swift in Sources */ = {isa = PBXBuildFile; fileRef = E2223EC728CD1EFE006275C6 /* BigTextField.swift */; };
		E2223ECB28CD2617006275C6 /* Introspect in Frameworks */ = {isa = PBXBuildFile; productRef = E2223ECA28CD2617006275C6 /* Introspect */; };
		E2223ECF28CD41CB006275C6 /* IconPickerView.swift in Sources */ = {isa = PBXBuildFile; fileRef = E2223ECE28CD41CB006275C6 /* IconPickerView.swift */; };
		E2223ED128CD48D2006275C6 /* EmojiTextField.swift in Sources */ = {isa = PBXBuildFile; fileRef = E2223ED028CD48D2006275C6 /* EmojiTextField.swift */; };
		E2223ED328CD4B1D006275C6 /* Character+WDIRN.swift in Sources */ = {isa = PBXBuildFile; fileRef = E2223ED228CD4B1D006275C6 /* Character+WDIRN.swift */; };
		E2223ED628CDDB9E006275C6 /* CreateHomeError.swift in Sources */ = {isa = PBXBuildFile; fileRef = E2223ED528CDDB9E006275C6 /* CreateHomeError.swift */; };
		E2223EDA28CDF34B006275C6 /* HomePage.swift in Sources */ = {isa = PBXBuildFile; fileRef = E2223ED928CDF34B006275C6 /* HomePage.swift */; };
		E2E4AB1728CCDBE00042B4CC /* App.swift in Sources */ = {isa = PBXBuildFile; fileRef = E2E4AB1628CCDBE00042B4CC /* App.swift */; };
		E2E4AB1928CCDBE00042B4CC /* Persistence.swift in Sources */ = {isa = PBXBuildFile; fileRef = E2E4AB1828CCDBE00042B4CC /* Persistence.swift */; };
		E2E4AB1C28CCDBE00042B4CC /* WhatDoIReallyNeed.xcdatamodeld in Sources */ = {isa = PBXBuildFile; fileRef = E2E4AB1A28CCDBE00042B4CC /* WhatDoIReallyNeed.xcdatamodeld */; };
		E2E4AB1E28CCDBE00042B4CC /* ContentView.swift in Sources */ = {isa = PBXBuildFile; fileRef = E2E4AB1D28CCDBE00042B4CC /* ContentView.swift */; };
		E2E4AB2028CCDBE20042B4CC /* Assets.xcassets in Resources */ = {isa = PBXBuildFile; fileRef = E2E4AB1F28CCDBE20042B4CC /* Assets.xcassets */; };
		E2E4AB2428CCDBE20042B4CC /* Preview Assets.xcassets in Resources */ = {isa = PBXBuildFile; fileRef = E2E4AB2328CCDBE20042B4CC /* Preview Assets.xcassets */; };
/* End PBXBuildFile section */

/* Begin PBXFileReference section */
		E2223EB128CCEDF0006275C6 /* MainPage.swift */ = {isa = PBXFileReference; lastKnownFileType = sourcecode.swift; path = MainPage.swift; sourceTree = "<group>"; };
		E2223EB428CCF5F6006275C6 /* Color+WDIRN.swift */ = {isa = PBXFileReference; lastKnownFileType = sourcecode.swift; path = "Color+WDIRN.swift"; sourceTree = "<group>"; };
		E2223EBE28CCFF82006275C6 /* Home+CoreDataClass.swift */ = {isa = PBXFileReference; lastKnownFileType = sourcecode.swift; path = "Home+CoreDataClass.swift"; sourceTree = "<group>"; };
		E2223EBF28CCFF82006275C6 /* Home+CoreDataProperties.swift */ = {isa = PBXFileReference; lastKnownFileType = sourcecode.swift; path = "Home+CoreDataProperties.swift"; sourceTree = "<group>"; };
		E2223EC428CD00E5006275C6 /* CreateHomeView.swift */ = {isa = PBXFileReference; lastKnownFileType = sourcecode.swift; path = CreateHomeView.swift; sourceTree = "<group>"; };
		E2223EC728CD1EFE006275C6 /* BigTextField.swift */ = {isa = PBXFileReference; lastKnownFileType = sourcecode.swift; path = BigTextField.swift; sourceTree = "<group>"; };
		E2223ECE28CD41CB006275C6 /* IconPickerView.swift */ = {isa = PBXFileReference; lastKnownFileType = sourcecode.swift; path = IconPickerView.swift; sourceTree = "<group>"; };
		E2223ED028CD48D2006275C6 /* EmojiTextField.swift */ = {isa = PBXFileReference; lastKnownFileType = sourcecode.swift; path = EmojiTextField.swift; sourceTree = "<group>"; };
		E2223ED228CD4B1D006275C6 /* Character+WDIRN.swift */ = {isa = PBXFileReference; lastKnownFileType = sourcecode.swift; path = "Character+WDIRN.swift"; sourceTree = "<group>"; };
		E2223ED528CDDB9E006275C6 /* CreateHomeError.swift */ = {isa = PBXFileReference; lastKnownFileType = sourcecode.swift; path = CreateHomeError.swift; sourceTree = "<group>"; };
		E2223ED928CDF34B006275C6 /* HomePage.swift */ = {isa = PBXFileReference; lastKnownFileType = sourcecode.swift; path = HomePage.swift; sourceTree = "<group>"; };
		E2E4AB1328CCDBE00042B4CC /* WhatDoIReallyNeed.app */ = {isa = PBXFileReference; explicitFileType = wrapper.application; includeInIndex = 0; path = WhatDoIReallyNeed.app; sourceTree = BUILT_PRODUCTS_DIR; };
		E2E4AB1628CCDBE00042B4CC /* App.swift */ = {isa = PBXFileReference; lastKnownFileType = sourcecode.swift; path = App.swift; sourceTree = "<group>"; };
		E2E4AB1828CCDBE00042B4CC /* Persistence.swift */ = {isa = PBXFileReference; lastKnownFileType = sourcecode.swift; path = Persistence.swift; sourceTree = "<group>"; };
		E2E4AB1B28CCDBE00042B4CC /* WhatDoIReallyNeed.xcdatamodel */ = {isa = PBXFileReference; lastKnownFileType = wrapper.xcdatamodel; path = WhatDoIReallyNeed.xcdatamodel; sourceTree = "<group>"; };
		E2E4AB1D28CCDBE00042B4CC /* ContentView.swift */ = {isa = PBXFileReference; lastKnownFileType = sourcecode.swift; path = ContentView.swift; sourceTree = "<group>"; };
		E2E4AB1F28CCDBE20042B4CC /* Assets.xcassets */ = {isa = PBXFileReference; lastKnownFileType = folder.assetcatalog; path = Assets.xcassets; sourceTree = "<group>"; };
		E2E4AB2128CCDBE20042B4CC /* WhatDoIReallyNeed.entitlements */ = {isa = PBXFileReference; lastKnownFileType = text.plist.entitlements; path = WhatDoIReallyNeed.entitlements; sourceTree = "<group>"; };
		E2E4AB2328CCDBE20042B4CC /* Preview Assets.xcassets */ = {isa = PBXFileReference; lastKnownFileType = folder.assetcatalog; path = "Preview Assets.xcassets"; sourceTree = "<group>"; };
		E2E4AB2A28CCDC840042B4CC /* Info.plist */ = {isa = PBXFileReference; lastKnownFileType = text.plist; path = Info.plist; sourceTree = "<group>"; };
/* End PBXFileReference section */

/* Begin PBXFrameworksBuildPhase section */
		E2E4AB1028CCDBE00042B4CC /* Frameworks */ = {
			isa = PBXFrameworksBuildPhase;
			buildActionMask = 2147483647;
			files = (
				E2223ECB28CD2617006275C6 /* Introspect in Frameworks */,
			);
			runOnlyForDeploymentPostprocessing = 0;
		};
/* End PBXFrameworksBuildPhase section */

/* Begin PBXGroup section */
		E2223EB028CCEDE3006275C6 /* Pages */ = {
			isa = PBXGroup;
			children = (
				E2223EB128CCEDF0006275C6 /* MainPage.swift */,
				E2223ED928CDF34B006275C6 /* HomePage.swift */,
			);
			path = Pages;
			sourceTree = "<group>";
		};
		E2223EB328CCF5EC006275C6 /* Extensions */ = {
			isa = PBXGroup;
			children = (
				E2223EB428CCF5F6006275C6 /* Color+WDIRN.swift */,
				E2223ED228CD4B1D006275C6 /* Character+WDIRN.swift */,
			);
			path = Extensions;
			sourceTree = "<group>";
		};
		E2223EC228CCFFCD006275C6 /* Models */ = {
			isa = PBXGroup;
			children = (
				E2223EBE28CCFF82006275C6 /* Home+CoreDataClass.swift */,
				E2223EBF28CCFF82006275C6 /* Home+CoreDataProperties.swift */,
			);
			path = Models;
			sourceTree = "<group>";
		};
		E2223EC328CD00DE006275C6 /* Views */ = {
			isa = PBXGroup;
			children = (
				E2223EC628CD1EF6006275C6 /* Controls */,
				E2223EC428CD00E5006275C6 /* CreateHomeView.swift */,
				E2223ECE28CD41CB006275C6 /* IconPickerView.swift */,
			);
			path = Views;
			sourceTree = "<group>";
		};
		E2223EC628CD1EF6006275C6 /* Controls */ = {
			isa = PBXGroup;
			children = (
				E2223EC728CD1EFE006275C6 /* BigTextField.swift */,
				E2223ED028CD48D2006275C6 /* EmojiTextField.swift */,
			);
			path = Controls;
			sourceTree = "<group>";
		};
		E2223ED428CDDB83006275C6 /* Errors */ = {
			isa = PBXGroup;
			children = (
				E2223ED528CDDB9E006275C6 /* CreateHomeError.swift */,
			);
			path = Errors;
			sourceTree = "<group>";
		};
		E2E4AB0A28CCDBE00042B4CC = {
			isa = PBXGroup;
			children = (
				E2E4AB1528CCDBE00042B4CC /* WhatDoIReallyNeed */,
				E2E4AB1428CCDBE00042B4CC /* Products */,
			);
			sourceTree = "<group>";
		};
		E2E4AB1428CCDBE00042B4CC /* Products */ = {
			isa = PBXGroup;
			children = (
				E2E4AB1328CCDBE00042B4CC /* WhatDoIReallyNeed.app */,
			);
			name = Products;
			sourceTree = "<group>";
		};
		E2E4AB1528CCDBE00042B4CC /* WhatDoIReallyNeed */ = {
			isa = PBXGroup;
			children = (
				E2223ED428CDDB83006275C6 /* Errors */,
				E2223EC328CD00DE006275C6 /* Views */,
				E2223EB328CCF5EC006275C6 /* Extensions */,
				E2223EB028CCEDE3006275C6 /* Pages */,
				E2E4AB2B28CCDE430042B4CC /* CoreData */,
				E2E4AB2A28CCDC840042B4CC /* Info.plist */,
				E2E4AB1628CCDBE00042B4CC /* App.swift */,
				E2E4AB1D28CCDBE00042B4CC /* ContentView.swift */,
				E2E4AB1F28CCDBE20042B4CC /* Assets.xcassets */,
				E2E4AB2128CCDBE20042B4CC /* WhatDoIReallyNeed.entitlements */,
				E2E4AB2228CCDBE20042B4CC /* Preview Content */,
			);
			path = WhatDoIReallyNeed;
			sourceTree = "<group>";
		};
		E2E4AB2228CCDBE20042B4CC /* Preview Content */ = {
			isa = PBXGroup;
			children = (
				E2E4AB2328CCDBE20042B4CC /* Preview Assets.xcassets */,
			);
			path = "Preview Content";
			sourceTree = "<group>";
		};
		E2E4AB2B28CCDE430042B4CC /* CoreData */ = {
			isa = PBXGroup;
			children = (
				E2223EC228CCFFCD006275C6 /* Models */,
				E2E4AB1A28CCDBE00042B4CC /* WhatDoIReallyNeed.xcdatamodeld */,
				E2E4AB1828CCDBE00042B4CC /* Persistence.swift */,
			);
			path = CoreData;
			sourceTree = "<group>";
		};
/* End PBXGroup section */

/* Begin PBXNativeTarget section */
		E2E4AB1228CCDBE00042B4CC /* WhatDoIReallyNeed */ = {
			isa = PBXNativeTarget;
			buildConfigurationList = E2E4AB2728CCDBE20042B4CC /* Build configuration list for PBXNativeTarget "WhatDoIReallyNeed" */;
			buildPhases = (
				E2E4AB0F28CCDBE00042B4CC /* Sources */,
				E2E4AB1028CCDBE00042B4CC /* Frameworks */,
				E2E4AB1128CCDBE00042B4CC /* Resources */,
			);
			buildRules = (
			);
			dependencies = (
			);
			name = WhatDoIReallyNeed;
			packageProductDependencies = (
				E2223ECA28CD2617006275C6 /* Introspect */,
			);
			productName = WhatDoIReallyNeed;
			productReference = E2E4AB1328CCDBE00042B4CC /* WhatDoIReallyNeed.app */;
			productType = "com.apple.product-type.application";
		};
/* End PBXNativeTarget section */

/* Begin PBXProject section */
		E2E4AB0B28CCDBE00042B4CC /* Project object */ = {
			isa = PBXProject;
			attributes = {
				BuildIndependentTargetsInParallel = 1;
				LastSwiftUpdateCheck = 1400;
				LastUpgradeCheck = 1400;
				TargetAttributes = {
					E2E4AB1228CCDBE00042B4CC = {
						CreatedOnToolsVersion = 14.0;
					};
				};
			};
			buildConfigurationList = E2E4AB0E28CCDBE00042B4CC /* Build configuration list for PBXProject "WhatDoIReallyNeed" */;
			compatibilityVersion = "Xcode 14.0";
			developmentRegion = en;
			hasScannedForEncodings = 0;
			knownRegions = (
				en,
				Base,
			);
			mainGroup = E2E4AB0A28CCDBE00042B4CC;
			packageReferences = (
				E2223EC928CD2617006275C6 /* XCRemoteSwiftPackageReference "SwiftUI-Introspect" */,
			);
			productRefGroup = E2E4AB1428CCDBE00042B4CC /* Products */;
			projectDirPath = "";
			projectRoot = "";
			targets = (
				E2E4AB1228CCDBE00042B4CC /* WhatDoIReallyNeed */,
			);
		};
/* End PBXProject section */

/* Begin PBXResourcesBuildPhase section */
		E2E4AB1128CCDBE00042B4CC /* Resources */ = {
			isa = PBXResourcesBuildPhase;
			buildActionMask = 2147483647;
			files = (
				E2E4AB2428CCDBE20042B4CC /* Preview Assets.xcassets in Resources */,
				E2E4AB2028CCDBE20042B4CC /* Assets.xcassets in Resources */,
			);
			runOnlyForDeploymentPostprocessing = 0;
		};
/* End PBXResourcesBuildPhase section */

/* Begin PBXSourcesBuildPhase section */
		E2E4AB0F28CCDBE00042B4CC /* Sources */ = {
			isa = PBXSourcesBuildPhase;
			buildActionMask = 2147483647;
			files = (
				E2223EC828CD1EFE006275C6 /* BigTextField.swift in Sources */,
				E2223EB228CCEDF0006275C6 /* MainPage.swift in Sources */,
				E2E4AB1728CCDBE00042B4CC /* App.swift in Sources */,
				E2E4AB1C28CCDBE00042B4CC /* WhatDoIReallyNeed.xcdatamodeld in Sources */,
				E2223ED128CD48D2006275C6 /* EmojiTextField.swift in Sources */,
				E2E4AB1E28CCDBE00042B4CC /* ContentView.swift in Sources */,
				E2223ECF28CD41CB006275C6 /* IconPickerView.swift in Sources */,
				E2223EC128CCFF82006275C6 /* Home+CoreDataProperties.swift in Sources */,
				E2223EB528CCF5F6006275C6 /* Color+WDIRN.swift in Sources */,
				E2223EC528CD00E5006275C6 /* CreateHomeView.swift in Sources */,
				E2223EDA28CDF34B006275C6 /* HomePage.swift in Sources */,
				E2E4AB1928CCDBE00042B4CC /* Persistence.swift in Sources */,
				E2223ED628CDDB9E006275C6 /* CreateHomeError.swift in Sources */,
				E2223ED328CD4B1D006275C6 /* Character+WDIRN.swift in Sources */,
				E2223EC028CCFF82006275C6 /* Home+CoreDataClass.swift in Sources */,
			);
			runOnlyForDeploymentPostprocessing = 0;
		};
/* End PBXSourcesBuildPhase section */

/* Begin XCBuildConfiguration section */
		E2E4AB2528CCDBE20042B4CC /* Debug */ = {
			isa = XCBuildConfiguration;
			buildSettings = {
				ALWAYS_SEARCH_USER_PATHS = NO;
				CLANG_ANALYZER_NONNULL = YES;
				CLANG_ANALYZER_NUMBER_OBJECT_CONVERSION = YES_AGGRESSIVE;
				CLANG_CXX_LANGUAGE_STANDARD = "gnu++20";
				CLANG_ENABLE_MODULES = YES;
				CLANG_ENABLE_OBJC_ARC = YES;
				CLANG_ENABLE_OBJC_WEAK = YES;
				CLANG_WARN_BLOCK_CAPTURE_AUTORELEASING = YES;
				CLANG_WARN_BOOL_CONVERSION = YES;
				CLANG_WARN_COMMA = YES;
				CLANG_WARN_CONSTANT_CONVERSION = YES;
				CLANG_WARN_DEPRECATED_OBJC_IMPLEMENTATIONS = YES;
				CLANG_WARN_DIRECT_OBJC_ISA_USAGE = YES_ERROR;
				CLANG_WARN_DOCUMENTATION_COMMENTS = YES;
				CLANG_WARN_EMPTY_BODY = YES;
				CLANG_WARN_ENUM_CONVERSION = YES;
				CLANG_WARN_INFINITE_RECURSION = YES;
				CLANG_WARN_INT_CONVERSION = YES;
				CLANG_WARN_NON_LITERAL_NULL_CONVERSION = YES;
				CLANG_WARN_OBJC_IMPLICIT_RETAIN_SELF = YES;
				CLANG_WARN_OBJC_LITERAL_CONVERSION = YES;
				CLANG_WARN_OBJC_ROOT_CLASS = YES_ERROR;
				CLANG_WARN_QUOTED_INCLUDE_IN_FRAMEWORK_HEADER = YES;
				CLANG_WARN_RANGE_LOOP_ANALYSIS = YES;
				CLANG_WARN_STRICT_PROTOTYPES = YES;
				CLANG_WARN_SUSPICIOUS_MOVE = YES;
				CLANG_WARN_UNGUARDED_AVAILABILITY = YES_AGGRESSIVE;
				CLANG_WARN_UNREACHABLE_CODE = YES;
				CLANG_WARN__DUPLICATE_METHOD_MATCH = YES;
				COPY_PHASE_STRIP = NO;
				DEBUG_INFORMATION_FORMAT = dwarf;
				ENABLE_STRICT_OBJC_MSGSEND = YES;
				ENABLE_TESTABILITY = YES;
				GCC_C_LANGUAGE_STANDARD = gnu11;
				GCC_DYNAMIC_NO_PIC = NO;
				GCC_NO_COMMON_BLOCKS = YES;
				GCC_OPTIMIZATION_LEVEL = 0;
				GCC_PREPROCESSOR_DEFINITIONS = (
					"DEBUG=1",
					"$(inherited)",
				);
				GCC_WARN_64_TO_32_BIT_CONVERSION = YES;
				GCC_WARN_ABOUT_RETURN_TYPE = YES_ERROR;
				GCC_WARN_UNDECLARED_SELECTOR = YES;
				GCC_WARN_UNINITIALIZED_AUTOS = YES_AGGRESSIVE;
				GCC_WARN_UNUSED_FUNCTION = YES;
				GCC_WARN_UNUSED_VARIABLE = YES;
				IPHONEOS_DEPLOYMENT_TARGET = 16.0;
				MACOSX_DEPLOYMENT_TARGET = 12.0;
				MTL_ENABLE_DEBUG_INFO = INCLUDE_SOURCE;
				MTL_FAST_MATH = YES;
				ONLY_ACTIVE_ARCH = YES;
				SWIFT_ACTIVE_COMPILATION_CONDITIONS = DEBUG;
				SWIFT_OPTIMIZATION_LEVEL = "-Onone";
			};
			name = Debug;
		};
		E2E4AB2628CCDBE20042B4CC /* Release */ = {
			isa = XCBuildConfiguration;
			buildSettings = {
				ALWAYS_SEARCH_USER_PATHS = NO;
				CLANG_ANALYZER_NONNULL = YES;
				CLANG_ANALYZER_NUMBER_OBJECT_CONVERSION = YES_AGGRESSIVE;
				CLANG_CXX_LANGUAGE_STANDARD = "gnu++20";
				CLANG_ENABLE_MODULES = YES;
				CLANG_ENABLE_OBJC_ARC = YES;
				CLANG_ENABLE_OBJC_WEAK = YES;
				CLANG_WARN_BLOCK_CAPTURE_AUTORELEASING = YES;
				CLANG_WARN_BOOL_CONVERSION = YES;
				CLANG_WARN_COMMA = YES;
				CLANG_WARN_CONSTANT_CONVERSION = YES;
				CLANG_WARN_DEPRECATED_OBJC_IMPLEMENTATIONS = YES;
				CLANG_WARN_DIRECT_OBJC_ISA_USAGE = YES_ERROR;
				CLANG_WARN_DOCUMENTATION_COMMENTS = YES;
				CLANG_WARN_EMPTY_BODY = YES;
				CLANG_WARN_ENUM_CONVERSION = YES;
				CLANG_WARN_INFINITE_RECURSION = YES;
				CLANG_WARN_INT_CONVERSION = YES;
				CLANG_WARN_NON_LITERAL_NULL_CONVERSION = YES;
				CLANG_WARN_OBJC_IMPLICIT_RETAIN_SELF = YES;
				CLANG_WARN_OBJC_LITERAL_CONVERSION = YES;
				CLANG_WARN_OBJC_ROOT_CLASS = YES_ERROR;
				CLANG_WARN_QUOTED_INCLUDE_IN_FRAMEWORK_HEADER = YES;
				CLANG_WARN_RANGE_LOOP_ANALYSIS = YES;
				CLANG_WARN_STRICT_PROTOTYPES = YES;
				CLANG_WARN_SUSPICIOUS_MOVE = YES;
				CLANG_WARN_UNGUARDED_AVAILABILITY = YES_AGGRESSIVE;
				CLANG_WARN_UNREACHABLE_CODE = YES;
				CLANG_WARN__DUPLICATE_METHOD_MATCH = YES;
				COPY_PHASE_STRIP = NO;
				DEBUG_INFORMATION_FORMAT = "dwarf-with-dsym";
				ENABLE_NS_ASSERTIONS = NO;
				ENABLE_STRICT_OBJC_MSGSEND = YES;
				GCC_C_LANGUAGE_STANDARD = gnu11;
				GCC_NO_COMMON_BLOCKS = YES;
				GCC_WARN_64_TO_32_BIT_CONVERSION = YES;
				GCC_WARN_ABOUT_RETURN_TYPE = YES_ERROR;
				GCC_WARN_UNDECLARED_SELECTOR = YES;
				GCC_WARN_UNINITIALIZED_AUTOS = YES_AGGRESSIVE;
				GCC_WARN_UNUSED_FUNCTION = YES;
				GCC_WARN_UNUSED_VARIABLE = YES;
				IPHONEOS_DEPLOYMENT_TARGET = 16.0;
				MACOSX_DEPLOYMENT_TARGET = 12.0;
				MTL_ENABLE_DEBUG_INFO = NO;
				MTL_FAST_MATH = YES;
				SWIFT_COMPILATION_MODE = wholemodule;
				SWIFT_OPTIMIZATION_LEVEL = "-O";
			};
			name = Release;
		};
		E2E4AB2828CCDBE20042B4CC /* Debug */ = {
			isa = XCBuildConfiguration;
			buildSettings = {
				ASSETCATALOG_COMPILER_APPICON_NAME = AppIcon;
				ASSETCATALOG_COMPILER_GLOBAL_ACCENT_COLOR_NAME = AccentColor;
				CODE_SIGN_ENTITLEMENTS = WhatDoIReallyNeed/WhatDoIReallyNeed.entitlements;
				CODE_SIGN_STYLE = Automatic;
				CURRENT_PROJECT_VERSION = 1;
				DEVELOPMENT_ASSET_PATHS = "\"WhatDoIReallyNeed/Preview Content\"";
				DEVELOPMENT_TEAM = 8H3J46CN24;
				ENABLE_HARDENED_RUNTIME = YES;
				ENABLE_PREVIEWS = YES;
				GENERATE_INFOPLIST_FILE = YES;
				INFOPLIST_FILE = WhatDoIReallyNeed/Info.plist;
				INFOPLIST_KEY_CFBundleDisplayName = "WDIRN?";
				"INFOPLIST_KEY_UIApplicationSceneManifest_Generation[sdk=iphoneos*]" = YES;
				"INFOPLIST_KEY_UIApplicationSceneManifest_Generation[sdk=iphonesimulator*]" = YES;
				"INFOPLIST_KEY_UIApplicationSupportsIndirectInputEvents[sdk=iphoneos*]" = YES;
				"INFOPLIST_KEY_UIApplicationSupportsIndirectInputEvents[sdk=iphonesimulator*]" = YES;
				"INFOPLIST_KEY_UILaunchScreen_Generation[sdk=iphoneos*]" = YES;
				"INFOPLIST_KEY_UILaunchScreen_Generation[sdk=iphonesimulator*]" = YES;
				"INFOPLIST_KEY_UIStatusBarStyle[sdk=iphoneos*]" = UIStatusBarStyleDefault;
				"INFOPLIST_KEY_UIStatusBarStyle[sdk=iphonesimulator*]" = UIStatusBarStyleDefault;
				INFOPLIST_KEY_UISupportedInterfaceOrientations = UIInterfaceOrientationPortrait;
				INFOPLIST_KEY_UISupportedInterfaceOrientations_iPad = "UIInterfaceOrientationLandscapeLeft UIInterfaceOrientationLandscapeRight UIInterfaceOrientationPortrait UIInterfaceOrientationPortraitUpsideDown";
				IPHONEOS_DEPLOYMENT_TARGET = 16.0;
				LD_RUNPATH_SEARCH_PATHS = "@executable_path/Frameworks";
				"LD_RUNPATH_SEARCH_PATHS[sdk=macosx*]" = "@executable_path/../Frameworks";
				MACOSX_DEPLOYMENT_TARGET = 12.3;
				MARKETING_VERSION = 0.0;
				PRODUCT_BUNDLE_IDENTIFIER = online.tomk.WhatDoIReallyNeed;
				PRODUCT_NAME = "$(TARGET_NAME)";
				SDKROOT = auto;
				SUPPORTED_PLATFORMS = "iphoneos iphonesimulator macosx";
				SWIFT_EMIT_LOC_STRINGS = YES;
				SWIFT_VERSION = 5.0;
				TARGETED_DEVICE_FAMILY = "1,2";
			};
			name = Debug;
		};
		E2E4AB2928CCDBE20042B4CC /* Release */ = {
			isa = XCBuildConfiguration;
			buildSettings = {
				ASSETCATALOG_COMPILER_APPICON_NAME = AppIcon;
				ASSETCATALOG_COMPILER_GLOBAL_ACCENT_COLOR_NAME = AccentColor;
				CODE_SIGN_ENTITLEMENTS = WhatDoIReallyNeed/WhatDoIReallyNeed.entitlements;
				CODE_SIGN_STYLE = Automatic;
				CURRENT_PROJECT_VERSION = 1;
				DEVELOPMENT_ASSET_PATHS = "\"WhatDoIReallyNeed/Preview Content\"";
				DEVELOPMENT_TEAM = 8H3J46CN24;
				ENABLE_HARDENED_RUNTIME = YES;
				ENABLE_PREVIEWS = YES;
				GENERATE_INFOPLIST_FILE = YES;
				INFOPLIST_FILE = WhatDoIReallyNeed/Info.plist;
				INFOPLIST_KEY_CFBundleDisplayName = "WDIRN?";
				"INFOPLIST_KEY_UIApplicationSceneManifest_Generation[sdk=iphoneos*]" = YES;
				"INFOPLIST_KEY_UIApplicationSceneManifest_Generation[sdk=iphonesimulator*]" = YES;
				"INFOPLIST_KEY_UIApplicationSupportsIndirectInputEvents[sdk=iphoneos*]" = YES;
				"INFOPLIST_KEY_UIApplicationSupportsIndirectInputEvents[sdk=iphonesimulator*]" = YES;
				"INFOPLIST_KEY_UILaunchScreen_Generation[sdk=iphoneos*]" = YES;
				"INFOPLIST_KEY_UILaunchScreen_Generation[sdk=iphonesimulator*]" = YES;
				"INFOPLIST_KEY_UIStatusBarStyle[sdk=iphoneos*]" = UIStatusBarStyleDefault;
				"INFOPLIST_KEY_UIStatusBarStyle[sdk=iphonesimulator*]" = UIStatusBarStyleDefault;
				INFOPLIST_KEY_UISupportedInterfaceOrientations = UIInterfaceOrientationPortrait;
				INFOPLIST_KEY_UISupportedInterfaceOrientations_iPad = "UIInterfaceOrientationLandscapeLeft UIInterfaceOrientationLandscapeRight UIInterfaceOrientationPortrait UIInterfaceOrientationPortraitUpsideDown";
				IPHONEOS_DEPLOYMENT_TARGET = 16.0;
				LD_RUNPATH_SEARCH_PATHS = "@executable_path/Frameworks";
				"LD_RUNPATH_SEARCH_PATHS[sdk=macosx*]" = "@executable_path/../Frameworks";
				MACOSX_DEPLOYMENT_TARGET = 12.3;
				MARKETING_VERSION = 0.0;
				PRODUCT_BUNDLE_IDENTIFIER = online.tomk.WhatDoIReallyNeed;
				PRODUCT_NAME = "$(TARGET_NAME)";
				SDKROOT = auto;
				SUPPORTED_PLATFORMS = "iphoneos iphonesimulator macosx";
				SWIFT_EMIT_LOC_STRINGS = YES;
				SWIFT_VERSION = 5.0;
				TARGETED_DEVICE_FAMILY = "1,2";
			};
			name = Release;
		};
/* End XCBuildConfiguration section */

/* Begin XCConfigurationList section */
		E2E4AB0E28CCDBE00042B4CC /* Build configuration list for PBXProject "WhatDoIReallyNeed" */ = {
			isa = XCConfigurationList;
			buildConfigurations = (
				E2E4AB2528CCDBE20042B4CC /* Debug */,
				E2E4AB2628CCDBE20042B4CC /* Release */,
			);
			defaultConfigurationIsVisible = 0;
			defaultConfigurationName = Release;
		};
		E2E4AB2728CCDBE20042B4CC /* Build configuration list for PBXNativeTarget "WhatDoIReallyNeed" */ = {
			isa = XCConfigurationList;
			buildConfigurations = (
				E2E4AB2828CCDBE20042B4CC /* Debug */,
				E2E4AB2928CCDBE20042B4CC /* Release */,
			);
			defaultConfigurationIsVisible = 0;
			defaultConfigurationName = Release;
		};
/* End XCConfigurationList section */

/* Begin XCRemoteSwiftPackageReference section */
		E2223EC928CD2617006275C6 /* XCRemoteSwiftPackageReference "SwiftUI-Introspect" */ = {
			isa = XCRemoteSwiftPackageReference;
			repositoryURL = "https://github.com/siteline/SwiftUI-Introspect.git";
			requirement = {
				branch = master;
				kind = branch;
			};
		};
/* End XCRemoteSwiftPackageReference section */

/* Begin XCSwiftPackageProductDependency section */
		E2223ECA28CD2617006275C6 /* Introspect */ = {
			isa = XCSwiftPackageProductDependency;
			package = E2223EC928CD2617006275C6 /* XCRemoteSwiftPackageReference "SwiftUI-Introspect" */;
			productName = Introspect;
		};
/* End XCSwiftPackageProductDependency section */

/* Begin XCVersionGroup section */
		E2E4AB1A28CCDBE00042B4CC /* WhatDoIReallyNeed.xcdatamodeld */ = {
			isa = XCVersionGroup;
			children = (
				E2E4AB1B28CCDBE00042B4CC /* WhatDoIReallyNeed.xcdatamodel */,
			);
			currentVersion = E2E4AB1B28CCDBE00042B4CC /* WhatDoIReallyNeed.xcdatamodel */;
			path = WhatDoIReallyNeed.xcdatamodeld;
			sourceTree = "<group>";
			versionGroupType = wrapper.xcdatamodel;
		};
/* End XCVersionGroup section */
	};
	rootObject = E2E4AB0B28CCDBE00042B4CC /* Project object */;
}
